Microsoft Visual Studio Solution File, Format Version 12.00
# Visual Studio Version 17
VisualStudioVersion = 17.5.2.0
MinimumVisualStudioVersion = 10.0.40219.1
Project("{FAE04EC0-301F-11D3-BF4B-00C04F79EFBC}") = "Phoneword", "Phoneword.csproj", "{87909BF6-D16E-E8DC-3912-4B0678ED83C2}"
EndProject
Global
	GlobalSection(SolutionConfigurationPlatforms) = preSolution
		Debug|Any CPU = Debug|Any CPU
		Release|Any CPU = Release|Any CPU
	EndGlobalSection
	GlobalSection(ProjectConfigurationPlatforms) = postSolution
		{87909BF6-D16E-E8DC-3912-4B0678ED83C2}.Debug|Any CPU.ActiveCfg = Debug|Any CPU
		{87909BF6-D16E-E8DC-3912-4B0678ED83C2}.Debug|Any CPU.Build.0 = Debug|Any CPU
		{87909BF6-D16E-E8DC-3912-4B0678ED83C2}.Release|Any CPU.ActiveCfg = Release|Any CPU
		{87909BF6-D16E-E8DC-3912-4B0678ED83C2}.Release|Any CPU.Build.0 = Release|Any CPU
	EndGlobalSection
	GlobalSection(SolutionProperties) = preSolution
		HideSolutionNode = FALSE
	EndGlobalSection
	GlobalSection(ExtensibilityGlobals) = postSolution
		SolutionGuid = {E2FC0FEF-E93A-4157-9AF3-9F518A843A0B}
	EndGlobalSection
EndGlobal
